
Microsoft Visual Studio Solution File, Format Version 12.00
# Visual Studio Version 17
VisualStudioVersion = 17.8.34330.188
MinimumVisualStudioVersion = 10.0.40219.1
Project("{FAE04EC0-301F-11D3-BF4B-00C04F79EFBC}") = "winform-app", "winform-app\winform-app.csproj", "{872C8ADD-AB6C-49F6-9FF8-8768267D99AB}"
EndProject
Global
	GlobalSection(SolutionConfigurationPlatforms) = preSolution
		Debug|Any CPU = Debug|Any CPU
		Release|Any CPU = Release|Any CPU
	EndGlobalSection
	GlobalSection(ProjectConfigurationPlatforms) = postSolution
		{872C8ADD-AB6C-49F6-9FF8-8768267D99AB}.Debug|Any CPU.ActiveCfg = Debug|Any CPU
		{872C8ADD-AB6C-49F6-9FF8-8768267D99AB}.Debug|Any CPU.Build.0 = Debug|Any CPU
		{872C8ADD-AB6C-49F6-9FF8-8768267D99AB}.Release|Any CPU.ActiveCfg = Release|Any CPU
		{872C8ADD-AB6C-49F6-9FF8-8768267D99AB}.Release|Any CPU.Build.0 = Release|Any CPU
	EndGlobalSection
	GlobalSection(SolutionProperties) = preSolution
		HideSolutionNode = FALSE
	EndGlobalSection
	GlobalSection(ExtensibilityGlobals) = postSolution
		SolutionGuid = {5D282EF1-455E-422E-B648-0855159003D2}
	EndGlobalSection
EndGlobal
